// !$*UTF8*$!
{
	archiveVersion = 1;
	classes = {
	};
	objectVersion = 56;
	objects = {

/* Begin PBXBuildFile section */
		8D5ADEBB2A79722400C7664B /* SessionView.swift in Sources */ = {isa = PBXBuildFile; fileRef = 8D5ADEBA2A79722400C7664B /* SessionView.swift */; };
		8D5ADEBD2A7A5F3800C7664B /* PayloadView.swift in Sources */ = {isa = PBXBuildFile; fileRef = 8D5ADEBC2A7A5F3800C7664B /* PayloadView.swift */; };
		8D5ADEC12A7A600D00C7664B /* Detail.swift in Sources */ = {isa = PBXBuildFile; fileRef = 8D5ADEC02A7A600D00C7664B /* Detail.swift */; };
		8D5ADEC32A7A602A00C7664B /* ViewButton.swift in Sources */ = {isa = PBXBuildFile; fileRef = 8D5ADEC22A7A602A00C7664B /* ViewButton.swift */; };
		8D5ADEC52A7A603700C7664B /* Payload.swift in Sources */ = {isa = PBXBuildFile; fileRef = 8D5ADEC42A7A603700C7664B /* Payload.swift */; };
		8D5ADEC72A7A604500C7664B /* CombinedSetting.swift in Sources */ = {isa = PBXBuildFile; fileRef = 8D5ADEC62A7A604500C7664B /* CombinedSetting.swift */; };
		8D5ADEC92A7A605400C7664B /* ExpandableSetting.swift in Sources */ = {isa = PBXBuildFile; fileRef = 8D5ADEC82A7A605400C7664B /* ExpandableSetting.swift */; };
		8D5ADECB2A7A606000C7664B /* OnOffOption.swift in Sources */ = {isa = PBXBuildFile; fileRef = 8D5ADECA2A7A606000C7664B /* OnOffOption.swift */; };
		8D5ADECD2A7A608300C7664B /* SettingWithPage.swift in Sources */ = {isa = PBXBuildFile; fileRef = 8D5ADECC2A7A608300C7664B /* SettingWithPage.swift */; };
		8D5ADECF2A7BAA0700C7664B /* RawScreen.swift in Sources */ = {isa = PBXBuildFile; fileRef = 8D5ADECE2A7BAA0700C7664B /* RawScreen.swift */; };
		8D5ADED12A7BB1D100C7664B /* SettingsView.swift in Sources */ = {isa = PBXBuildFile; fileRef = 8D5ADED02A7BB1D100C7664B /* SettingsView.swift */; };
		8D5ADED42A7BBC2500C7664B /* AIView.swift in Sources */ = {isa = PBXBuildFile; fileRef = 8D5ADED32A7BBC2500C7664B /* AIView.swift */; };
		8D5ADED62A7BBC3200C7664B /* BlockView.swift in Sources */ = {isa = PBXBuildFile; fileRef = 8D5ADED52A7BBC3200C7664B /* BlockView.swift */; };
		8D5ADED82A7BBC3D00C7664B /* DNSView.swift in Sources */ = {isa = PBXBuildFile; fileRef = 8D5ADED72A7BBC3D00C7664B /* DNSView.swift */; };
		8D5ADEDA2A7BBC4900C7664B /* RecordingView.swift in Sources */ = {isa = PBXBuildFile; fileRef = 8D5ADED92A7BBC4900C7664B /* RecordingView.swift */; };
		8D5ADEDC2A7BBC5300C7664B /* SSLView.swift in Sources */ = {isa = PBXBuildFile; fileRef = 8D5ADEDB2A7BBC5300C7664B /* SSLView.swift */; };
		8DDB9DEA2A73A45B009D06F6 /* ProxyAIApp.swift in Sources */ = {isa = PBXBuildFile; fileRef = 8DDB9DE92A73A45B009D06F6 /* ProxyAIApp.swift */; };
		8DDB9DEC2A73A45B009D06F6 /* MainView.swift in Sources */ = {isa = PBXBuildFile; fileRef = 8DDB9DEB2A73A45B009D06F6 /* MainView.swift */; };
		8DDB9DEE2A73A45D009D06F6 /* Assets.xcassets in Resources */ = {isa = PBXBuildFile; fileRef = 8DDB9DED2A73A45D009D06F6 /* Assets.xcassets */; };
		8DDB9DF12A73A45D009D06F6 /* Preview Assets.xcassets in Resources */ = {isa = PBXBuildFile; fileRef = 8DDB9DF02A73A45D009D06F6 /* Preview Assets.xcassets */; };
		8DDB9DFB2A73A45D009D06F6 /* ProxyAITests.swift in Sources */ = {isa = PBXBuildFile; fileRef = 8DDB9DFA2A73A45D009D06F6 /* ProxyAITests.swift */; };
		8DDB9E052A73A45E009D06F6 /* ProxyAIUITests.swift in Sources */ = {isa = PBXBuildFile; fileRef = 8DDB9E042A73A45E009D06F6 /* ProxyAIUITests.swift */; };
		8DDB9E072A73A45E009D06F6 /* ProxyAIUITestsLaunchTests.swift in Sources */ = {isa = PBXBuildFile; fileRef = 8DDB9E062A73A45E009D06F6 /* ProxyAIUITestsLaunchTests.swift */; };
/* End PBXBuildFile section */

/* Begin PBXContainerItemProxy section */
		8DDB9DF72A73A45D009D06F6 /* PBXContainerItemProxy */ = {
			isa = PBXContainerItemProxy;
			containerPortal = 8DDB9DDE2A73A45B009D06F6 /* Project object */;
			proxyType = 1;
			remoteGlobalIDString = 8DDB9DE52A73A45B009D06F6;
			remoteInfo = ProxyAI;
		};
		8DDB9E012A73A45E009D06F6 /* PBXContainerItemProxy */ = {
			isa = PBXContainerItemProxy;
			containerPortal = 8DDB9DDE2A73A45B009D06F6 /* Project object */;
			proxyType = 1;
			remoteGlobalIDString = 8DDB9DE52A73A45B009D06F6;
			remoteInfo = ProxyAI;
		};
/* End PBXContainerItemProxy section */

/* Begin PBXFileReference section */
		8D5ADEBA2A79722400C7664B /* SessionView.swift */ = {isa = PBXFileReference; lastKnownFileType = sourcecode.swift; path = SessionView.swift; sourceTree = "<group>"; };
		8D5ADEBC2A7A5F3800C7664B /* PayloadView.swift */ = {isa = PBXFileReference; lastKnownFileType = sourcecode.swift; path = PayloadView.swift; sourceTree = "<group>"; };
		8D5ADEC02A7A600D00C7664B /* Detail.swift */ = {isa = PBXFileReference; lastKnownFileType = sourcecode.swift; path = Detail.swift; sourceTree = "<group>"; };
		8D5ADEC22A7A602A00C7664B /* ViewButton.swift */ = {isa = PBXFileReference; lastKnownFileType = sourcecode.swift; path = ViewButton.swift; sourceTree = "<group>"; };
		8D5ADEC42A7A603700C7664B /* Payload.swift */ = {isa = PBXFileReference; lastKnownFileType = sourcecode.swift; path = Payload.swift; sourceTree = "<group>"; };
		8D5ADEC62A7A604500C7664B /* CombinedSetting.swift */ = {isa = PBXFileReference; lastKnownFileType = sourcecode.swift; path = CombinedSetting.swift; sourceTree = "<group>"; };
		8D5ADEC82A7A605400C7664B /* ExpandableSetting.swift */ = {isa = PBXFileReference; lastKnownFileType = sourcecode.swift; path = ExpandableSetting.swift; sourceTree = "<group>"; };
		8D5ADECA2A7A606000C7664B /* OnOffOption.swift */ = {isa = PBXFileReference; lastKnownFileType = sourcecode.swift; path = OnOffOption.swift; sourceTree = "<group>"; };
		8D5ADECC2A7A608300C7664B /* SettingWithPage.swift */ = {isa = PBXFileReference; lastKnownFileType = sourcecode.swift; path = SettingWithPage.swift; sourceTree = "<group>"; };
		8D5ADECE2A7BAA0700C7664B /* RawScreen.swift */ = {isa = PBXFileReference; lastKnownFileType = sourcecode.swift; path = RawScreen.swift; sourceTree = "<group>"; };
		8D5ADED02A7BB1D100C7664B /* SettingsView.swift */ = {isa = PBXFileReference; lastKnownFileType = sourcecode.swift; path = SettingsView.swift; sourceTree = "<group>"; };
		8D5ADED32A7BBC2500C7664B /* AIView.swift */ = {isa = PBXFileReference; lastKnownFileType = sourcecode.swift; path = AIView.swift; sourceTree = "<group>"; };
		8D5ADED52A7BBC3200C7664B /* BlockView.swift */ = {isa = PBXFileReference; lastKnownFileType = sourcecode.swift; path = BlockView.swift; sourceTree = "<group>"; };
		8D5ADED72A7BBC3D00C7664B /* DNSView.swift */ = {isa = PBXFileReference; lastKnownFileType = sourcecode.swift; path = DNSView.swift; sourceTree = "<group>"; };
		8D5ADED92A7BBC4900C7664B /* RecordingView.swift */ = {isa = PBXFileReference; lastKnownFileType = sourcecode.swift; path = RecordingView.swift; sourceTree = "<group>"; };
		8D5ADEDB2A7BBC5300C7664B /* SSLView.swift */ = {isa = PBXFileReference; lastKnownFileType = sourcecode.swift; path = SSLView.swift; sourceTree = "<group>"; };
		8DDB9DE62A73A45B009D06F6 /* ProxyAI.app */ = {isa = PBXFileReference; explicitFileType = wrapper.application; includeInIndex = 0; path = ProxyAI.app; sourceTree = BUILT_PRODUCTS_DIR; };
		8DDB9DE92A73A45B009D06F6 /* ProxyAIApp.swift */ = {isa = PBXFileReference; lastKnownFileType = sourcecode.swift; path = ProxyAIApp.swift; sourceTree = "<group>"; };
		8DDB9DEB2A73A45B009D06F6 /* MainView.swift */ = {isa = PBXFileReference; lastKnownFileType = sourcecode.swift; path = MainView.swift; sourceTree = "<group>"; };
		8DDB9DED2A73A45D009D06F6 /* Assets.xcassets */ = {isa = PBXFileReference; lastKnownFileType = folder.assetcatalog; path = Assets.xcassets; sourceTree = "<group>"; };
		8DDB9DF02A73A45D009D06F6 /* Preview Assets.xcassets */ = {isa = PBXFileReference; lastKnownFileType = folder.assetcatalog; path = "Preview Assets.xcassets"; sourceTree = "<group>"; };
		8DDB9DF62A73A45D009D06F6 /* ProxyAITests.xctest */ = {isa = PBXFileReference; explicitFileType = wrapper.cfbundle; includeInIndex = 0; path = ProxyAITests.xctest; sourceTree = BUILT_PRODUCTS_DIR; };
		8DDB9DFA2A73A45D009D06F6 /* ProxyAITests.swift */ = {isa = PBXFileReference; lastKnownFileType = sourcecode.swift; path = ProxyAITests.swift; sourceTree = "<group>"; };
		8DDB9E002A73A45E009D06F6 /* ProxyAIUITests.xctest */ = {isa = PBXFileReference; explicitFileType = wrapper.cfbundle; includeInIndex = 0; path = ProxyAIUITests.xctest; sourceTree = BUILT_PRODUCTS_DIR; };
		8DDB9E042A73A45E009D06F6 /* ProxyAIUITests.swift */ = {isa = PBXFileReference; lastKnownFileType = sourcecode.swift; path = ProxyAIUITests.swift; sourceTree = "<group>"; };
		8DDB9E062A73A45E009D06F6 /* ProxyAIUITestsLaunchTests.swift */ = {isa = PBXFileReference; lastKnownFileType = sourcecode.swift; path = ProxyAIUITestsLaunchTests.swift; sourceTree = "<group>"; };
/* End PBXFileReference section */

/* Begin PBXFrameworksBuildPhase section */
		8DDB9DE32A73A45B009D06F6 /* Frameworks */ = {
			isa = PBXFrameworksBuildPhase;
			buildActionMask = 2147483647;
			files = (
			);
			runOnlyForDeploymentPostprocessing = 0;
		};
		8DDB9DF32A73A45D009D06F6 /* Frameworks */ = {
			isa = PBXFrameworksBuildPhase;
			buildActionMask = 2147483647;
			files = (
			);
			runOnlyForDeploymentPostprocessing = 0;
		};
		8DDB9DFD2A73A45E009D06F6 /* Frameworks */ = {
			isa = PBXFrameworksBuildPhase;
			buildActionMask = 2147483647;
			files = (
			);
			runOnlyForDeploymentPostprocessing = 0;
		};
/* End PBXFrameworksBuildPhase section */

/* Begin PBXGroup section */
		8D5ADEBE2A7A5F6500C7664B /* Components */ = {
			isa = PBXGroup;
			children = (
				8D5ADEC02A7A600D00C7664B /* Detail.swift */,
				8D5ADEC22A7A602A00C7664B /* ViewButton.swift */,
				8D5ADEC42A7A603700C7664B /* Payload.swift */,
				8D5ADEC62A7A604500C7664B /* CombinedSetting.swift */,
				8D5ADEC82A7A605400C7664B /* ExpandableSetting.swift */,
				8D5ADECA2A7A606000C7664B /* OnOffOption.swift */,
				8D5ADECC2A7A608300C7664B /* SettingWithPage.swift */,
			);
			path = Components;
			sourceTree = "<group>";
		};
		8D5ADEBF2A7A5F6F00C7664B /* Screens */ = {
			isa = PBXGroup;
			children = (
				8D5ADED22A7BBC0E00C7664B /* Settings */,
				8D5ADEBC2A7A5F3800C7664B /* PayloadView.swift */,
				8D5ADEBA2A79722400C7664B /* SessionView.swift */,
				8DDB9DEB2A73A45B009D06F6 /* MainView.swift */,
				8D5ADECE2A7BAA0700C7664B /* RawScreen.swift */,
				8D5ADED02A7BB1D100C7664B /* SettingsView.swift */,
			);
			path = Screens;
			sourceTree = "<group>";
		};
		8D5ADED22A7BBC0E00C7664B /* Settings */ = {
			isa = PBXGroup;
			children = (
				8D5ADED32A7BBC2500C7664B /* AIView.swift */,
				8D5ADED52A7BBC3200C7664B /* BlockView.swift */,
				8D5ADED72A7BBC3D00C7664B /* DNSView.swift */,
				8D5ADED92A7BBC4900C7664B /* RecordingView.swift */,
				8D5ADEDB2A7BBC5300C7664B /* SSLView.swift */,
			);
			path = Settings;
			sourceTree = "<group>";
		};
		8DDB9DDD2A73A45B009D06F6 = {
			isa = PBXGroup;
			children = (
				8DDB9DE82A73A45B009D06F6 /* ProxyAI */,
				8DDB9DF92A73A45D009D06F6 /* ProxyAITests */,
				8DDB9E032A73A45E009D06F6 /* ProxyAIUITests */,
				8DDB9DE72A73A45B009D06F6 /* Products */,
			);
			sourceTree = "<group>";
		};
		8DDB9DE72A73A45B009D06F6 /* Products */ = {
			isa = PBXGroup;
			children = (
				8DDB9DE62A73A45B009D06F6 /* ProxyAI.app */,
				8DDB9DF62A73A45D009D06F6 /* ProxyAITests.xctest */,
				8DDB9E002A73A45E009D06F6 /* ProxyAIUITests.xctest */,
			);
			name = Products;
			sourceTree = "<group>";
		};
		8DDB9DE82A73A45B009D06F6 /* ProxyAI */ = {
			isa = PBXGroup;
			children = (
				8D5ADEBF2A7A5F6F00C7664B /* Screens */,
				8D5ADEBE2A7A5F6500C7664B /* Components */,
				8DDB9DE92A73A45B009D06F6 /* ProxyAIApp.swift */,
				8DDB9DED2A73A45D009D06F6 /* Assets.xcassets */,
				8DDB9DEF2A73A45D009D06F6 /* Preview Content */,
			);
			path = ProxyAI;
			sourceTree = "<group>";
		};
		8DDB9DEF2A73A45D009D06F6 /* Preview Content */ = {
			isa = PBXGroup;
			children = (
				8DDB9DF02A73A45D009D06F6 /* Preview Assets.xcassets */,
			);
			path = "Preview Content";
			sourceTree = "<group>";
		};
		8DDB9DF92A73A45D009D06F6 /* ProxyAITests */ = {
			isa = PBXGroup;
			children = (
				8DDB9DFA2A73A45D009D06F6 /* ProxyAITests.swift */,
			);
			path = ProxyAITests;
			sourceTree = "<group>";
		};
		8DDB9E032A73A45E009D06F6 /* ProxyAIUITests */ = {
			isa = PBXGroup;
			children = (
				8DDB9E042A73A45E009D06F6 /* ProxyAIUITests.swift */,
				8DDB9E062A73A45E009D06F6 /* ProxyAIUITestsLaunchTests.swift */,
			);
			path = ProxyAIUITests;
			sourceTree = "<group>";
		};
/* End PBXGroup section */

/* Begin PBXNativeTarget section */
		8DDB9DE52A73A45B009D06F6 /* ProxyAI */ = {
			isa = PBXNativeTarget;
			buildConfigurationList = 8DDB9E0A2A73A45E009D06F6 /* Build configuration list for PBXNativeTarget "ProxyAI" */;
			buildPhases = (
				8DDB9DE22A73A45B009D06F6 /* Sources */,
				8DDB9DE32A73A45B009D06F6 /* Frameworks */,
				8DDB9DE42A73A45B009D06F6 /* Resources */,
			);
			buildRules = (
			);
			dependencies = (
			);
			name = ProxyAI;
			productName = ProxyAI;
			productReference = 8DDB9DE62A73A45B009D06F6 /* ProxyAI.app */;
			productType = "com.apple.product-type.application";
		};
		8DDB9DF52A73A45D009D06F6 /* ProxyAITests */ = {
			isa = PBXNativeTarget;
			buildConfigurationList = 8DDB9E0D2A73A45E009D06F6 /* Build configuration list for PBXNativeTarget "ProxyAITests" */;
			buildPhases = (
				8DDB9DF22A73A45D009D06F6 /* Sources */,
				8DDB9DF32A73A45D009D06F6 /* Frameworks */,
				8DDB9DF42A73A45D009D06F6 /* Resources */,
			);
			buildRules = (
			);
			dependencies = (
				8DDB9DF82A73A45D009D06F6 /* PBXTargetDependency */,
			);
			name = ProxyAITests;
			productName = ProxyAITests;
			productReference = 8DDB9DF62A73A45D009D06F6 /* ProxyAITests.xctest */;
			productType = "com.apple.product-type.bundle.unit-test";
		};
		8DDB9DFF2A73A45E009D06F6 /* ProxyAIUITests */ = {
			isa = PBXNativeTarget;
			buildConfigurationList = 8DDB9E102A73A45E009D06F6 /* Build configuration list for PBXNativeTarget "ProxyAIUITests" */;
			buildPhases = (
				8DDB9DFC2A73A45E009D06F6 /* Sources */,
				8DDB9DFD2A73A45E009D06F6 /* Frameworks */,
				8DDB9DFE2A73A45E009D06F6 /* Resources */,
			);
			buildRules = (
			);
			dependencies = (
				8DDB9E022A73A45E009D06F6 /* PBXTargetDependency */,
			);
			name = ProxyAIUITests;
			productName = ProxyAIUITests;
			productReference = 8DDB9E002A73A45E009D06F6 /* ProxyAIUITests.xctest */;
			productType = "com.apple.product-type.bundle.ui-testing";
		};
/* End PBXNativeTarget section */

/* Begin PBXProject section */
		8DDB9DDE2A73A45B009D06F6 /* Project object */ = {
			isa = PBXProject;
			attributes = {
				BuildIndependentTargetsInParallel = 1;
				LastSwiftUpdateCheck = 1500;
				LastUpgradeCheck = 1500;
				TargetAttributes = {
					8DDB9DE52A73A45B009D06F6 = {
						CreatedOnToolsVersion = 15.0;
					};
					8DDB9DF52A73A45D009D06F6 = {
						CreatedOnToolsVersion = 15.0;
						TestTargetID = 8DDB9DE52A73A45B009D06F6;
					};
					8DDB9DFF2A73A45E009D06F6 = {
						CreatedOnToolsVersion = 15.0;
						TestTargetID = 8DDB9DE52A73A45B009D06F6;
					};
				};
			};
			buildConfigurationList = 8DDB9DE12A73A45B009D06F6 /* Build configuration list for PBXProject "ProxyAI" */;
			compatibilityVersion = "Xcode 14.0";
			developmentRegion = en;
			hasScannedForEncodings = 0;
			knownRegions = (
				en,
				Base,
			);
			mainGroup = 8DDB9DDD2A73A45B009D06F6;
			productRefGroup = 8DDB9DE72A73A45B009D06F6 /* Products */;
			projectDirPath = "";
			projectRoot = "";
			targets = (
				8DDB9DE52A73A45B009D06F6 /* ProxyAI */,
				8DDB9DF52A73A45D009D06F6 /* ProxyAITests */,
				8DDB9DFF2A73A45E009D06F6 /* ProxyAIUITests */,
			);
		};
/* End PBXProject section */

/* Begin PBXResourcesBuildPhase section */
		8DDB9DE42A73A45B009D06F6 /* Resources */ = {
			isa = PBXResourcesBuildPhase;
			buildActionMask = 2147483647;
			files = (
				8DDB9DF12A73A45D009D06F6 /* Preview Assets.xcassets in Resources */,
				8DDB9DEE2A73A45D009D06F6 /* Assets.xcassets in Resources */,
			);
			runOnlyForDeploymentPostprocessing = 0;
		};
		8DDB9DF42A73A45D009D06F6 /* Resources */ = {
			isa = PBXResourcesBuildPhase;
			buildActionMask = 2147483647;
			files = (
			);
			runOnlyForDeploymentPostprocessing = 0;
		};
		8DDB9DFE2A73A45E009D06F6 /* Resources */ = {
			isa = PBXResourcesBuildPhase;
			buildActionMask = 2147483647;
			files = (
			);
			runOnlyForDeploymentPostprocessing = 0;
		};
/* End PBXResourcesBuildPhase section */

/* Begin PBXSourcesBuildPhase section */
		8DDB9DE22A73A45B009D06F6 /* Sources */ = {
			isa = PBXSourcesBuildPhase;
			buildActionMask = 2147483647;
			files = (
				8D5ADEC32A7A602A00C7664B /* ViewButton.swift in Sources */,
				8D5ADED62A7BBC3200C7664B /* BlockView.swift in Sources */,
				8D5ADEC52A7A603700C7664B /* Payload.swift in Sources */,
				8D5ADEDC2A7BBC5300C7664B /* SSLView.swift in Sources */,
				8DDB9DEC2A73A45B009D06F6 /* MainView.swift in Sources */,
				8D5ADECB2A7A606000C7664B /* OnOffOption.swift in Sources */,
				8D5ADED42A7BBC2500C7664B /* AIView.swift in Sources */,
				8D5ADEDA2A7BBC4900C7664B /* RecordingView.swift in Sources */,
				8D5ADECF2A7BAA0700C7664B /* RawScreen.swift in Sources */,
				8D5ADEC12A7A600D00C7664B /* Detail.swift in Sources */,
				8D5ADED82A7BBC3D00C7664B /* DNSView.swift in Sources */,
				8D5ADEC92A7A605400C7664B /* ExpandableSetting.swift in Sources */,
				8D5ADEBD2A7A5F3800C7664B /* PayloadView.swift in Sources */,
				8DDB9DEA2A73A45B009D06F6 /* ProxyAIApp.swift in Sources */,
				8D5ADECD2A7A608300C7664B /* SettingWithPage.swift in Sources */,
				8D5ADEBB2A79722400C7664B /* SessionView.swift in Sources */,
				8D5ADEC72A7A604500C7664B /* CombinedSetting.swift in Sources */,
				8D5ADED12A7BB1D100C7664B /* SettingsView.swift in Sources */,
			);
			runOnlyForDeploymentPostprocessing = 0;
		};
		8DDB9DF22A73A45D009D06F6 /* Sources */ = {
			isa = PBXSourcesBuildPhase;
			buildActionMask = 2147483647;
			files = (
				8DDB9DFB2A73A45D009D06F6 /* ProxyAITests.swift in Sources */,
			);
			runOnlyForDeploymentPostprocessing = 0;
		};
		8DDB9DFC2A73A45E009D06F6 /* Sources */ = {
			isa = PBXSourcesBuildPhase;
			buildActionMask = 2147483647;
			files = (
				8DDB9E052A73A45E009D06F6 /* ProxyAIUITests.swift in Sources */,
				8DDB9E072A73A45E009D06F6 /* ProxyAIUITestsLaunchTests.swift in Sources */,
			);
			runOnlyForDeploymentPostprocessing = 0;
		};
/* End PBXSourcesBuildPhase section */

/* Begin PBXTargetDependency section */
		8DDB9DF82A73A45D009D06F6 /* PBXTargetDependency */ = {
			isa = PBXTargetDependency;
			target = 8DDB9DE52A73A45B009D06F6 /* ProxyAI */;
			targetProxy = 8DDB9DF72A73A45D009D06F6 /* PBXContainerItemProxy */;
		};
		8DDB9E022A73A45E009D06F6 /* PBXTargetDependency */ = {
			isa = PBXTargetDependency;
			target = 8DDB9DE52A73A45B009D06F6 /* ProxyAI */;
			targetProxy = 8DDB9E012A73A45E009D06F6 /* PBXContainerItemProxy */;
		};
/* End PBXTargetDependency section */

/* Begin XCBuildConfiguration section */
		8DDB9E082A73A45E009D06F6 /* Debug */ = {
			isa = XCBuildConfiguration;
			buildSettings = {
				ALWAYS_SEARCH_USER_PATHS = NO;
				ASSETCATALOG_COMPILER_GENERATE_SWIFT_ASSET_SYMBOL_EXTENSIONS = YES;
				CLANG_ANALYZER_NONNULL = YES;
				CLANG_ANALYZER_NUMBER_OBJECT_CONVERSION = YES_AGGRESSIVE;
				CLANG_CXX_LANGUAGE_STANDARD = "gnu++20";
				CLANG_ENABLE_MODULES = YES;
				CLANG_ENABLE_OBJC_ARC = YES;
				CLANG_ENABLE_OBJC_WEAK = YES;
				CLANG_WARN_BLOCK_CAPTURE_AUTORELEASING = YES;
				CLANG_WARN_BOOL_CONVERSION = YES;
				CLANG_WARN_COMMA = YES;
				CLANG_WARN_CONSTANT_CONVERSION = YES;
				CLANG_WARN_DEPRECATED_OBJC_IMPLEMENTATIONS = YES;
				CLANG_WARN_DIRECT_OBJC_ISA_USAGE = YES_ERROR;
				CLANG_WARN_DOCUMENTATION_COMMENTS = YES;
				CLANG_WARN_EMPTY_BODY = YES;
				CLANG_WARN_ENUM_CONVERSION = YES;
				CLANG_WARN_INFINITE_RECURSION = YES;
				CLANG_WARN_INT_CONVERSION = YES;
				CLANG_WARN_NON_LITERAL_NULL_CONVERSION = YES;
				CLANG_WARN_OBJC_IMPLICIT_RETAIN_SELF = YES;
				CLANG_WARN_OBJC_LITERAL_CONVERSION = YES;
				CLANG_WARN_OBJC_ROOT_CLASS = YES_ERROR;
				CLANG_WARN_QUOTED_INCLUDE_IN_FRAMEWORK_HEADER = YES;
				CLANG_WARN_RANGE_LOOP_ANALYSIS = YES;
				CLANG_WARN_STRICT_PROTOTYPES = YES;
				CLANG_WARN_SUSPICIOUS_MOVE = YES;
				CLANG_WARN_UNGUARDED_AVAILABILITY = YES_AGGRESSIVE;
				CLANG_WARN_UNREACHABLE_CODE = YES;
				CLANG_WARN__DUPLICATE_METHOD_MATCH = YES;
				COPY_PHASE_STRIP = NO;
				DEBUG_INFORMATION_FORMAT = dwarf;
				ENABLE_STRICT_OBJC_MSGSEND = YES;
				ENABLE_TESTABILITY = YES;
				ENABLE_USER_SCRIPT_SANDBOXING = YES;
				GCC_C_LANGUAGE_STANDARD = gnu17;
				GCC_DYNAMIC_NO_PIC = NO;
				GCC_NO_COMMON_BLOCKS = YES;
				GCC_OPTIMIZATION_LEVEL = 0;
				GCC_PREPROCESSOR_DEFINITIONS = (
					"DEBUG=1",
					"$(inherited)",
				);
				GCC_WARN_64_TO_32_BIT_CONVERSION = YES;
				GCC_WARN_ABOUT_RETURN_TYPE = YES_ERROR;
				GCC_WARN_UNDECLARED_SELECTOR = YES;
				GCC_WARN_UNINITIALIZED_AUTOS = YES_AGGRESSIVE;
				GCC_WARN_UNUSED_FUNCTION = YES;
				GCC_WARN_UNUSED_VARIABLE = YES;
				IPHONEOS_DEPLOYMENT_TARGET = 17.0;
				LOCALIZATION_PREFERS_STRING_CATALOGS = YES;
				MTL_ENABLE_DEBUG_INFO = INCLUDE_SOURCE;
				MTL_FAST_MATH = YES;
				ONLY_ACTIVE_ARCH = YES;
				SDKROOT = iphoneos;
				SWIFT_ACTIVE_COMPILATION_CONDITIONS = "DEBUG $(inherited)";
				SWIFT_OPTIMIZATION_LEVEL = "-Onone";
			};
			name = Debug;
		};
		8DDB9E092A73A45E009D06F6 /* Release */ = {
			isa = XCBuildConfiguration;
			buildSettings = {
				ALWAYS_SEARCH_USER_PATHS = NO;
				ASSETCATALOG_COMPILER_GENERATE_SWIFT_ASSET_SYMBOL_EXTENSIONS = YES;
				CLANG_ANALYZER_NONNULL = YES;
				CLANG_ANALYZER_NUMBER_OBJECT_CONVERSION = YES_AGGRESSIVE;
				CLANG_CXX_LANGUAGE_STANDARD = "gnu++20";
				CLANG_ENABLE_MODULES = YES;
				CLANG_ENABLE_OBJC_ARC = YES;
				CLANG_ENABLE_OBJC_WEAK = YES;
				CLANG_WARN_BLOCK_CAPTURE_AUTORELEASING = YES;
				CLANG_WARN_BOOL_CONVERSION = YES;
				CLANG_WARN_COMMA = YES;
				CLANG_WARN_CONSTANT_CONVERSION = YES;
				CLANG_WARN_DEPRECATED_OBJC_IMPLEMENTATIONS = YES;
				CLANG_WARN_DIRECT_OBJC_ISA_USAGE = YES_ERROR;
				CLANG_WARN_DOCUMENTATION_COMMENTS = YES;
				CLANG_WARN_EMPTY_BODY = YES;
				CLANG_WARN_ENUM_CONVERSION = YES;
				CLANG_WARN_INFINITE_RECURSION = YES;
				CLANG_WARN_INT_CONVERSION = YES;
				CLANG_WARN_NON_LITERAL_NULL_CONVERSION = YES;
				CLANG_WARN_OBJC_IMPLICIT_RETAIN_SELF = YES;
				CLANG_WARN_OBJC_LITERAL_CONVERSION = YES;
				CLANG_WARN_OBJC_ROOT_CLASS = YES_ERROR;
				CLANG_WARN_QUOTED_INCLUDE_IN_FRAMEWORK_HEADER = YES;
				CLANG_WARN_RANGE_LOOP_ANALYSIS = YES;
				CLANG_WARN_STRICT_PROTOTYPES = YES;
				CLANG_WARN_SUSPICIOUS_MOVE = YES;
				CLANG_WARN_UNGUARDED_AVAILABILITY = YES_AGGRESSIVE;
				CLANG_WARN_UNREACHABLE_CODE = YES;
				CLANG_WARN__DUPLICATE_METHOD_MATCH = YES;
				COPY_PHASE_STRIP = NO;
				DEBUG_INFORMATION_FORMAT = "dwarf-with-dsym";
				ENABLE_NS_ASSERTIONS = NO;
				ENABLE_STRICT_OBJC_MSGSEND = YES;
				ENABLE_USER_SCRIPT_SANDBOXING = YES;
				GCC_C_LANGUAGE_STANDARD = gnu17;
				GCC_NO_COMMON_BLOCKS = YES;
				GCC_WARN_64_TO_32_BIT_CONVERSION = YES;
				GCC_WARN_ABOUT_RETURN_TYPE = YES_ERROR;
				GCC_WARN_UNDECLARED_SELECTOR = YES;
				GCC_WARN_UNINITIALIZED_AUTOS = YES_AGGRESSIVE;
				GCC_WARN_UNUSED_FUNCTION = YES;
				GCC_WARN_UNUSED_VARIABLE = YES;
				IPHONEOS_DEPLOYMENT_TARGET = 17.0;
				LOCALIZATION_PREFERS_STRING_CATALOGS = YES;
				MTL_ENABLE_DEBUG_INFO = NO;
				MTL_FAST_MATH = YES;
				SDKROOT = iphoneos;
				SWIFT_COMPILATION_MODE = wholemodule;
				VALIDATE_PRODUCT = YES;
			};
			name = Release;
		};
		8DDB9E0B2A73A45E009D06F6 /* Debug */ = {
			isa = XCBuildConfiguration;
			buildSettings = {
				ASSETCATALOG_COMPILER_APPICON_NAME = AppIcon;
				ASSETCATALOG_COMPILER_GLOBAL_ACCENT_COLOR_NAME = AccentColor;
				CODE_SIGN_STYLE = Automatic;
				CURRENT_PROJECT_VERSION = 1;
				DEVELOPMENT_ASSET_PATHS = "\"ProxyAI/Preview Content\"";
				ENABLE_PREVIEWS = YES;
				GENERATE_INFOPLIST_FILE = YES;
				INFOPLIST_KEY_UIApplicationSceneManifest_Generation = YES;
				INFOPLIST_KEY_UIApplicationSupportsIndirectInputEvents = YES;
				INFOPLIST_KEY_UILaunchScreen_Generation = YES;
				INFOPLIST_KEY_UISupportedInterfaceOrientations_iPad = "UIInterfaceOrientationPortrait UIInterfaceOrientationPortraitUpsideDown UIInterfaceOrientationLandscapeLeft UIInterfaceOrientationLandscapeRight";
				INFOPLIST_KEY_UISupportedInterfaceOrientations_iPhone = "UIInterfaceOrientationPortrait UIInterfaceOrientationLandscapeLeft UIInterfaceOrientationLandscapeRight";
				LD_RUNPATH_SEARCH_PATHS = (
					"$(inherited)",
					"@executable_path/Frameworks",
				);
				MARKETING_VERSION = 1.0;
				PRODUCT_BUNDLE_IDENTIFIER = BeFound.ProxyAI;
				PRODUCT_NAME = "$(TARGET_NAME)";
				SWIFT_EMIT_LOC_STRINGS = YES;
				SWIFT_VERSION = 5.0;
				TARGETED_DEVICE_FAMILY = "1,2";
			};
			name = Debug;
		};
		8DDB9E0C2A73A45E009D06F6 /* Release */ = {
			isa = XCBuildConfiguration;
			buildSettings = {
				ASSETCATALOG_COMPILER_APPICON_NAME = AppIcon;
				ASSETCATALOG_COMPILER_GLOBAL_ACCENT_COLOR_NAME = AccentColor;
				CODE_SIGN_STYLE = Automatic;
				CURRENT_PROJECT_VERSION = 1;
				DEVELOPMENT_ASSET_PATHS = "\"ProxyAI/Preview Content\"";
				ENABLE_PREVIEWS = YES;
				GENERATE_INFOPLIST_FILE = YES;
				INFOPLIST_KEY_UIApplicationSceneManifest_Generation = YES;
				INFOPLIST_KEY_UIApplicationSupportsIndirectInputEvents = YES;
				INFOPLIST_KEY_UILaunchScreen_Generation = YES;
				INFOPLIST_KEY_UISupportedInterfaceOrientations_iPad = "UIInterfaceOrientationPortrait UIInterfaceOrientationPortraitUpsideDown UIInterfaceOrientationLandscapeLeft UIInterfaceOrientationLandscapeRight";
				INFOPLIST_KEY_UISupportedInterfaceOrientations_iPhone = "UIInterfaceOrientationPortrait UIInterfaceOrientationLandscapeLeft UIInterfaceOrientationLandscapeRight";
				LD_RUNPATH_SEARCH_PATHS = (
					"$(inherited)",
					"@executable_path/Frameworks",
				);
				MARKETING_VERSION = 1.0;
				PRODUCT_BUNDLE_IDENTIFIER = BeFound.ProxyAI;
				PRODUCT_NAME = "$(TARGET_NAME)";
				SWIFT_EMIT_LOC_STRINGS = YES;
				SWIFT_VERSION = 5.0;
				TARGETED_DEVICE_FAMILY = "1,2";
			};
			name = Release;
		};
		8DDB9E0E2A73A45E009D06F6 /* Debug */ = {
			isa = XCBuildConfiguration;
			buildSettings = {
				ALWAYS_EMBED_SWIFT_STANDARD_LIBRARIES = YES;
				BUNDLE_LOADER = "$(TEST_HOST)";
				CODE_SIGN_STYLE = Automatic;
				CURRENT_PROJECT_VERSION = 1;
				GENERATE_INFOPLIST_FILE = YES;
				IPHONEOS_DEPLOYMENT_TARGET = 17.0;
				MARKETING_VERSION = 1.0;
				PRODUCT_BUNDLE_IDENTIFIER = BeFound.ProxyAITests;
				PRODUCT_NAME = "$(TARGET_NAME)";
				SWIFT_EMIT_LOC_STRINGS = NO;
				SWIFT_VERSION = 5.0;
				TARGETED_DEVICE_FAMILY = "1,2";
				TEST_HOST = "$(BUILT_PRODUCTS_DIR)/ProxyAI.app/$(BUNDLE_EXECUTABLE_FOLDER_PATH)/ProxyAI";
			};
			name = Debug;
		};
		8DDB9E0F2A73A45E009D06F6 /* Release */ = {
			isa = XCBuildConfiguration;
			buildSettings = {
				ALWAYS_EMBED_SWIFT_STANDARD_LIBRARIES = YES;
				BUNDLE_LOADER = "$(TEST_HOST)";
				CODE_SIGN_STYLE = Automatic;
				CURRENT_PROJECT_VERSION = 1;
				GENERATE_INFOPLIST_FILE = YES;
				IPHONEOS_DEPLOYMENT_TARGET = 17.0;
				MARKETING_VERSION = 1.0;
				PRODUCT_BUNDLE_IDENTIFIER = BeFound.ProxyAITests;
				PRODUCT_NAME = "$(TARGET_NAME)";
				SWIFT_EMIT_LOC_STRINGS = NO;
				SWIFT_VERSION = 5.0;
				TARGETED_DEVICE_FAMILY = "1,2";
				TEST_HOST = "$(BUILT_PRODUCTS_DIR)/ProxyAI.app/$(BUNDLE_EXECUTABLE_FOLDER_PATH)/ProxyAI";
			};
			name = Release;
		};
		8DDB9E112A73A45E009D06F6 /* Debug */ = {
			isa = XCBuildConfiguration;
			buildSettings = {
				ALWAYS_EMBED_SWIFT_STANDARD_LIBRARIES = YES;
				CODE_SIGN_STYLE = Automatic;
				CURRENT_PROJECT_VERSION = 1;
				GENERATE_INFOPLIST_FILE = YES;
				MARKETING_VERSION = 1.0;
				PRODUCT_BUNDLE_IDENTIFIER = BeFound.ProxyAIUITests;
				PRODUCT_NAME = "$(TARGET_NAME)";
				SWIFT_EMIT_LOC_STRINGS = NO;
				SWIFT_VERSION = 5.0;
				TARGETED_DEVICE_FAMILY = "1,2";
				TEST_TARGET_NAME = ProxyAI;
			};
			name = Debug;
		};
		8DDB9E122A73A45E009D06F6 /* Release */ = {
			isa = XCBuildConfiguration;
			buildSettings = {
				ALWAYS_EMBED_SWIFT_STANDARD_LIBRARIES = YES;
				CODE_SIGN_STYLE = Automatic;
				CURRENT_PROJECT_VERSION = 1;
				GENERATE_INFOPLIST_FILE = YES;
				MARKETING_VERSION = 1.0;
				PRODUCT_BUNDLE_IDENTIFIER = BeFound.ProxyAIUITests;
				PRODUCT_NAME = "$(TARGET_NAME)";
				SWIFT_EMIT_LOC_STRINGS = NO;
				SWIFT_VERSION = 5.0;
				TARGETED_DEVICE_FAMILY = "1,2";
				TEST_TARGET_NAME = ProxyAI;
			};
			name = Release;
		};
/* End XCBuildConfiguration section */

/* Begin XCConfigurationList section */
		8DDB9DE12A73A45B009D06F6 /* Build configuration list for PBXProject "ProxyAI" */ = {
			isa = XCConfigurationList;
			buildConfigurations = (
				8DDB9E082A73A45E009D06F6 /* Debug */,
				8DDB9E092A73A45E009D06F6 /* Release */,
			);
			defaultConfigurationIsVisible = 0;
			defaultConfigurationName = Release;
		};
		8DDB9E0A2A73A45E009D06F6 /* Build configuration list for PBXNativeTarget "ProxyAI" */ = {
			isa = XCConfigurationList;
			buildConfigurations = (
				8DDB9E0B2A73A45E009D06F6 /* Debug */,
				8DDB9E0C2A73A45E009D06F6 /* Release */,
			);
			defaultConfigurationIsVisible = 0;
			defaultConfigurationName = Release;
		};
		8DDB9E0D2A73A45E009D06F6 /* Build configuration list for PBXNativeTarget "ProxyAITests" */ = {
			isa = XCConfigurationList;
			buildConfigurations = (
				8DDB9E0E2A73A45E009D06F6 /* Debug */,
				8DDB9E0F2A73A45E009D06F6 /* Release */,
			);
			defaultConfigurationIsVisible = 0;
			defaultConfigurationName = Release;
		};
		8DDB9E102A73A45E009D06F6 /* Build configuration list for PBXNativeTarget "ProxyAIUITests" */ = {
			isa = XCConfigurationList;
			buildConfigurations = (
				8DDB9E112A73A45E009D06F6 /* Debug */,
				8DDB9E122A73A45E009D06F6 /* Release */,
			);
			defaultConfigurationIsVisible = 0;
			defaultConfigurationName = Release;
		};
/* End XCConfigurationList section */
	};
	rootObject = 8DDB9DDE2A73A45B009D06F6 /* Project object */;
}
